<?xml version="1.0" encoding="utf-8"?>
<Project ToolsVersion="4.0" xmlns="http://schemas.microsoft.com/developer/msbuild/2003">
  <ItemGroup>
    <Filter Include="Source Files">
      <UniqueIdentifier>{4FC737F1-C7A5-4376-A066-2A32D752A2FF}</UniqueIdentifier>
      <Extensions>cpp;c;cc;cxx;def;odl;idl;hpj;bat;asm;asmx</Extensions>
    </Filter>
    <Filter Include="Header Files">
      <UniqueIdentifier>{93995380-89BD-4b04-88EB-625FBE52EBFB}</UniqueIdentifier>
      <Extensions>h;hh;hpp;hxx;hm;inl;inc;ipp;xsd</Extensions>
    </Filter>
    <Filter Include="Resource Files">
      <UniqueIdentifier>{67DA6AB6-F800-4c08-8B7A-83BB121AAD01}</UniqueIdentifier>
      <Extensions>rc;ico;cur;bmp;dlg;rc2;rct;bin;rgs;gif;jpg;jpeg;jpe;resx;tiff;tif;png;wav;mfcribbon-ms</Extensions>
    </Filter>
    <Filter Include="Header Files\MySQL">
      <UniqueIdentifier>{28cadc05-db2f-44ae-a900-f4ce134a4d6e}</UniqueIdentifier>
    </Filter>
    <Filter Include="Source Files\MySQL">
      <UniqueIdentifier>{9bd4e8ad-41d2-4c75-9c97-c151c82ec0eb}</UniqueIdentifier>
    </Filter>
  </ItemGroup>
  <ItemGroup>
    <ClInclude Include="stdafx.h">
      <Filter>Header Files</Filter>
    </ClInclude>
    <ClInclude Include="targetver.h">
      <Filter>Header Files</Filter>
    </ClInclude>
    <ClInclude Include="playerFunctions.h">
      <Filter>Header Files</Filter>
    </ClInclude>
    <ClInclude Include="apiLua.h">
      <Filter>Header Files</Filter>
    </ClInclude>
    <ClInclude Include="apiLuaParams.h">
      <Filter>Header Files</Filter>
    </ClInclude>
    <ClInclude Include="events.h">
      <Filter>Header Files</Filter>
    </ClInclude>
    <ClInclude Include="handler.h">
      <Filter>Header Files\MySQL</Filter>
    </ClInclude>
    <ClInclude Include="sresult.h">
      <Filter>Header Files\MySQL</Filter>
    </ClInclude>
    <ClInclude Include="apiMysql.h">
      <Filter>Header Files\MySQL</Filter>
    </ClInclude>
    <ClInclude Include="sha.h">
      <Filter>Header Files</Filter>
    </ClInclude>
    <ClInclude Include="..\..\Server\SharedDefines\easylogging++.h">
      <Filter>Header Files</Filter>
    </ClInclude>
  </ItemGroup>
  <ItemGroup>
    <ClCompile Include="stdafx.cpp">
      <Filter>Source Files</Filter>
    </ClCompile>
    <ClCompile Include="IVMP Lua.cpp">
      <Filter>Source Files</Filter>
    </ClCompile>
    <ClCompile Include="playerFunctions.cpp">
      <Filter>Source Files</Filter>
    </ClCompile>
    <ClCompile Include="playerEvents.cpp">
      <Filter>Source Files</Filter>
    </ClCompile>
    <ClCompile Include="apiLua.cpp">
      <Filter>Source Files</Filter>
    </ClCompile>
    <ClCompile Include="apiLuaParams.cpp">
      <Filter>Source Files</Filter>
    </ClCompile>
    <ClCompile Include="handler.cpp">
      <Filter>Source Files\MySQL</Filter>
    </ClCompile>
    <ClCompile Include="sresult.cpp">
      <Filter>Source Files\MySQL</Filter>
    </ClCompile>
    <ClCompile Include="apiMysql.cpp">
      <Filter>Source Files\MySQL</Filter>
    </ClCompile>
    <ClCompile Include="vehicleFunctionscpp.cpp">
      <Filter>Source Files</Filter>
    </ClCompile>
    <ClCompile Include="cpFunctions.cpp">
      <Filter>Source Files</Filter>
    </ClCompile>
    <ClCompile Include="worldFunctions.cpp">
      <Filter>Source Files</Filter>
    </ClCompile>
    <ClCompile Include="blipFunctions.cpp">
      <Filter>Source Files</Filter>
    </ClCompile>
    <ClCompile Include="objectFunctions.cpp">
      <Filter>Source Files</Filter>
    </ClCompile>
    <ClCompile Include="dialogFunctions.cpp">
      <Filter>Source Files</Filter>
    </ClCompile>
    <ClCompile Include="sha2.cpp">
      <Filter>Source Files</Filter>
    </ClCompile>
    <ClCompile Include="npcFunctions.cpp">
      <Filter>Source Files</Filter>
    </ClCompile>
    <ClCompile Include="..\..\Server\SharedDefines\easylogging++.cpp">
      <Filter>Source Files</Filter>
    </ClCompile>
  </ItemGroup>
</Project>